
Microsoft Visual Studio Solution File, Format Version 12.00
Project("{FAE04EC0-301F-11D3-BF4B-00C04F79EFBC}") = "DemoRiderIssue", "DemoRiderIssue.csproj", "{509412D7-005D-4062-9DF5-E6E90A590B2B}"
EndProject
Global
	GlobalSection(SolutionConfigurationPlatforms) = preSolution
		Debug|Any CPU = Debug|Any CPU
		Release|Any CPU = Release|Any CPU
	EndGlobalSection
	GlobalSection(ProjectConfigurationPlatforms) = postSolution
		{509412D7-005D-4062-9DF5-E6E90A590B2B}.Debug|Any CPU.ActiveCfg = Debug|Any CPU
		{509412D7-005D-4062-9DF5-E6E90A590B2B}.Debug|Any CPU.Build.0 = Debug|Any CPU
		{509412D7-005D-4062-9DF5-E6E90A590B2B}.Release|Any CPU.ActiveCfg = Release|Any CPU
		{509412D7-005D-4062-9DF5-E6E90A590B2B}.Release|Any CPU.Build.0 = Release|Any CPU
	EndGlobalSection
EndGlobal
